
Microsoft Visual Studio Solution File, Format Version 12.00
# Visual Studio Version 16
VisualStudioVersion = 16.0.29509.3
MinimumVisualStudioVersion = 10.0.40219.1
Project("{9A19103F-16F7-4668-BE54-9A1E7A4F7556}") = "Electronics_Product_Sales", "Electronics_Product_Sales.csproj", "{B11265C0-D06C-4BB1-870B-564F37739BBD}"
EndProject
Global
	GlobalSection(SolutionConfigurationPlatforms) = preSolution
		Debug|Any CPU = Debug|Any CPU
		Release|Any CPU = Release|Any CPU
	EndGlobalSection
	GlobalSection(ProjectConfigurationPlatforms) = postSolution
		{B11265C0-D06C-4BB1-870B-564F37739BBD}.Debug|Any CPU.ActiveCfg = Debug|Any CPU
		{B11265C0-D06C-4BB1-870B-564F37739BBD}.Debug|Any CPU.Build.0 = Debug|Any CPU
		{B11265C0-D06C-4BB1-870B-564F37739BBD}.Release|Any CPU.ActiveCfg = Release|Any CPU
		{B11265C0-D06C-4BB1-870B-564F37739BBD}.Release|Any CPU.Build.0 = Release|Any CPU
	EndGlobalSection
	GlobalSection(SolutionProperties) = preSolution
		HideSolutionNode = FALSE
	EndGlobalSection
	GlobalSection(ExtensibilityGlobals) = postSolution
		SolutionGuid = {91BD0CC2-00CD-4FA5-98DC-E2B921808E6A}
	EndGlobalSection
EndGlobal
